
Microsoft Visual Studio Solution File, Format Version 12.00
# Visual Studio 14
VisualStudioVersion = 14.0.23107.0
MinimumVisualStudioVersion = 10.0.40219.1
Project("{A07B5EB6-E848-4116-A8D0-A826331D98C6}") = "IoTSample", "IoTSample\IoTSample.sfproj", "{D99421BC-FCB0-4968-859F-17F1C1741119}"
EndProject
Project("{FAE04EC0-301F-11D3-BF4B-00C04F79EFBC}") = "EventHubProcessorService", "EventHubProcessorService\EventHubProcessorService.csproj", "{B15C0B48-E788-4120-8A52-F3EA33EE9B58}"
EndProject
Project("{FAE04EC0-301F-11D3-BF4B-00C04F79EFBC}") = "Device", "Device\Device.csproj", "{62F75983-8E9D-4AA7-B540-8E3B9777D7A0}"
EndProject
Project("{FAE04EC0-301F-11D3-BF4B-00C04F79EFBC}") = "Device.Interfaces", "Device.Interfaces\Device.Interfaces.csproj", "{1ADE6456-C1F7-4093-849D-5F37FA011B66}"
EndProject
Project("{FAE04EC0-301F-11D3-BF4B-00C04F79EFBC}") = "DeviceTestClient", "DeviceTestClient\DeviceTestClient.csproj", "{3C6F52E9-8495-4FF0-8848-C84458ACA559}"
EndProject
Project("{2150E333-8FDC-42A3-9474-1A3956D46DE8}") = "Actors", "Actors", "{BA257350-9DD2-4AD3-90C1-B4C473E2D75E}"
EndProject
Project("{2150E333-8FDC-42A3-9474-1A3956D46DE8}") = "Services", "Services", "{689727BC-F524-463D-895D-5274977306B1}"
EndProject
Project("{FAE04EC0-301F-11D3-BF4B-00C04F79EFBC}") = "TelemetryTestClient", "TelemetryTestClient\TelemetryTestClient.csproj", "{47E10B99-B0C0-4ADE-AE48-F0007C430CAE}"
EndProject
Project("{8BB2217D-0F2D-49D1-97BC-3654ED321F3B}") = "Dashboard", "Dashboard\Dashboard.xproj", "{04378641-0F19-4C43-A206-24763682C72E}"
EndProject
Project("{2150E333-8FDC-42A3-9474-1A3956D46DE8}") = "Web", "Web", "{4D0D1557-CC60-45C5-BC03-6FDE538A8CD6}"
EndProject
Project("{FAE04EC0-301F-11D3-BF4B-00C04F79EFBC}") = "DeviceList", "DeviceList\DeviceList.csproj", "{65C575FC-9E37-4862-BED1-9532EEDAE8F5}"
EndProject
Project("{FAE04EC0-301F-11D3-BF4B-00C04F79EFBC}") = "DeviceList.Interfaces", "DeviceList.Interfaces\DeviceList.Interfaces.csproj", "{6CCC7319-3D86-4A71-9A7F-113C21DB576C}"
EndProject
Project("{2150E333-8FDC-42A3-9474-1A3956D46DE8}") = "List", "List", "{62C22334-5EC7-4273-8492-B9922486FC56}"
EndProject
Global
	GlobalSection(SolutionConfigurationPlatforms) = preSolution
		Debug|Any CPU = Debug|Any CPU
		Debug|x64 = Debug|x64
		Release|Any CPU = Release|Any CPU
		Release|x64 = Release|x64
	EndGlobalSection
	GlobalSection(ProjectConfigurationPlatforms) = postSolution
		{D99421BC-FCB0-4968-859F-17F1C1741119}.Debug|Any CPU.ActiveCfg = Debug|x64
		{D99421BC-FCB0-4968-859F-17F1C1741119}.Debug|x64.ActiveCfg = Debug|x64
		{D99421BC-FCB0-4968-859F-17F1C1741119}.Debug|x64.Build.0 = Debug|x64
		{D99421BC-FCB0-4968-859F-17F1C1741119}.Debug|x64.Deploy.0 = Debug|x64
		{D99421BC-FCB0-4968-859F-17F1C1741119}.Release|Any CPU.ActiveCfg = Release|x64
		{D99421BC-FCB0-4968-859F-17F1C1741119}.Release|x64.ActiveCfg = Release|x64
		{D99421BC-FCB0-4968-859F-17F1C1741119}.Release|x64.Build.0 = Release|x64
		{D99421BC-FCB0-4968-859F-17F1C1741119}.Release|x64.Deploy.0 = Release|x64
		{B15C0B48-E788-4120-8A52-F3EA33EE9B58}.Debug|Any CPU.ActiveCfg = Debug|x64
		{B15C0B48-E788-4120-8A52-F3EA33EE9B58}.Debug|x64.ActiveCfg = Debug|x64
		{B15C0B48-E788-4120-8A52-F3EA33EE9B58}.Debug|x64.Build.0 = Debug|x64
		{B15C0B48-E788-4120-8A52-F3EA33EE9B58}.Release|Any CPU.ActiveCfg = Release|x64
		{B15C0B48-E788-4120-8A52-F3EA33EE9B58}.Release|x64.ActiveCfg = Release|x64
		{B15C0B48-E788-4120-8A52-F3EA33EE9B58}.Release|x64.Build.0 = Release|x64
		{62F75983-8E9D-4AA7-B540-8E3B9777D7A0}.Debug|Any CPU.ActiveCfg = Debug|x64
		{62F75983-8E9D-4AA7-B540-8E3B9777D7A0}.Debug|x64.ActiveCfg = Debug|x64
		{62F75983-8E9D-4AA7-B540-8E3B9777D7A0}.Debug|x64.Build.0 = Debug|x64
		{62F75983-8E9D-4AA7-B540-8E3B9777D7A0}.Release|Any CPU.ActiveCfg = Release|x64
		{62F75983-8E9D-4AA7-B540-8E3B9777D7A0}.Release|x64.ActiveCfg = Release|x64
		{62F75983-8E9D-4AA7-B540-8E3B9777D7A0}.Release|x64.Build.0 = Release|x64
		{1ADE6456-C1F7-4093-849D-5F37FA011B66}.Debug|Any CPU.ActiveCfg = Debug|x64
		{1ADE6456-C1F7-4093-849D-5F37FA011B66}.Debug|x64.ActiveCfg = Debug|x64
		{1ADE6456-C1F7-4093-849D-5F37FA011B66}.Debug|x64.Build.0 = Debug|x64
		{1ADE6456-C1F7-4093-849D-5F37FA011B66}.Release|Any CPU.ActiveCfg = Release|x64
		{1ADE6456-C1F7-4093-849D-5F37FA011B66}.Release|x64.ActiveCfg = Release|x64
		{1ADE6456-C1F7-4093-849D-5F37FA011B66}.Release|x64.Build.0 = Release|x64
		{3C6F52E9-8495-4FF0-8848-C84458ACA559}.Debug|Any CPU.ActiveCfg = Debug|Any CPU
		{3C6F52E9-8495-4FF0-8848-C84458ACA559}.Debug|Any CPU.Build.0 = Debug|Any CPU
		{3C6F52E9-8495-4FF0-8848-C84458ACA559}.Debug|x64.ActiveCfg = Debug|Any CPU
		{3C6F52E9-8495-4FF0-8848-C84458ACA559}.Debug|x64.Build.0 = Debug|Any CPU
		{3C6F52E9-8495-4FF0-8848-C84458ACA559}.Release|Any CPU.ActiveCfg = Release|Any CPU
		{3C6F52E9-8495-4FF0-8848-C84458ACA559}.Release|Any CPU.Build.0 = Release|Any CPU
		{3C6F52E9-8495-4FF0-8848-C84458ACA559}.Release|x64.ActiveCfg = Release|Any CPU
		{3C6F52E9-8495-4FF0-8848-C84458ACA559}.Release|x64.Build.0 = Release|Any CPU
		{47E10B99-B0C0-4ADE-AE48-F0007C430CAE}.Debug|Any CPU.ActiveCfg = Debug|Any CPU
		{47E10B99-B0C0-4ADE-AE48-F0007C430CAE}.Debug|Any CPU.Build.0 = Debug|Any CPU
		{47E10B99-B0C0-4ADE-AE48-F0007C430CAE}.Debug|x64.ActiveCfg = Debug|Any CPU
		{47E10B99-B0C0-4ADE-AE48-F0007C430CAE}.Debug|x64.Build.0 = Debug|Any CPU
		{47E10B99-B0C0-4ADE-AE48-F0007C430CAE}.Release|Any CPU.ActiveCfg = Release|Any CPU
		{47E10B99-B0C0-4ADE-AE48-F0007C430CAE}.Release|Any CPU.Build.0 = Release|Any CPU
		{47E10B99-B0C0-4ADE-AE48-F0007C430CAE}.Release|x64.ActiveCfg = Release|Any CPU
		{47E10B99-B0C0-4ADE-AE48-F0007C430CAE}.Release|x64.Build.0 = Release|Any CPU
		{04378641-0F19-4C43-A206-24763682C72E}.Debug|Any CPU.ActiveCfg = Debug|Any CPU
		{04378641-0F19-4C43-A206-24763682C72E}.Debug|Any CPU.Build.0 = Debug|Any CPU
		{04378641-0F19-4C43-A206-24763682C72E}.Debug|x64.ActiveCfg = Debug|Any CPU
		{04378641-0F19-4C43-A206-24763682C72E}.Debug|x64.Build.0 = Debug|Any CPU
		{04378641-0F19-4C43-A206-24763682C72E}.Release|Any CPU.ActiveCfg = Release|Any CPU
		{04378641-0F19-4C43-A206-24763682C72E}.Release|Any CPU.Build.0 = Release|Any CPU
		{04378641-0F19-4C43-A206-24763682C72E}.Release|x64.ActiveCfg = Release|Any CPU
		{04378641-0F19-4C43-A206-24763682C72E}.Release|x64.Build.0 = Release|Any CPU
		{65C575FC-9E37-4862-BED1-9532EEDAE8F5}.Debug|Any CPU.ActiveCfg = Debug|x64
		{65C575FC-9E37-4862-BED1-9532EEDAE8F5}.Debug|x64.ActiveCfg = Debug|x64
		{65C575FC-9E37-4862-BED1-9532EEDAE8F5}.Debug|x64.Build.0 = Debug|x64
		{65C575FC-9E37-4862-BED1-9532EEDAE8F5}.Release|Any CPU.ActiveCfg = Release|x64
		{65C575FC-9E37-4862-BED1-9532EEDAE8F5}.Release|x64.ActiveCfg = Release|x64
		{65C575FC-9E37-4862-BED1-9532EEDAE8F5}.Release|x64.Build.0 = Release|x64
		{6CCC7319-3D86-4A71-9A7F-113C21DB576C}.Debug|Any CPU.ActiveCfg = Debug|x64
		{6CCC7319-3D86-4A71-9A7F-113C21DB576C}.Debug|x64.ActiveCfg = Debug|x64
		{6CCC7319-3D86-4A71-9A7F-113C21DB576C}.Debug|x64.Build.0 = Debug|x64
		{6CCC7319-3D86-4A71-9A7F-113C21DB576C}.Release|Any CPU.ActiveCfg = Release|x64
		{6CCC7319-3D86-4A71-9A7F-113C21DB576C}.Release|x64.ActiveCfg = Release|x64
		{6CCC7319-3D86-4A71-9A7F-113C21DB576C}.Release|x64.Build.0 = Release|x64
	EndGlobalSection
	GlobalSection(SolutionProperties) = preSolution
		HideSolutionNode = FALSE
	EndGlobalSection
	GlobalSection(NestedProjects) = preSolution
		{B15C0B48-E788-4120-8A52-F3EA33EE9B58} = {689727BC-F524-463D-895D-5274977306B1}
		{62F75983-8E9D-4AA7-B540-8E3B9777D7A0} = {BA257350-9DD2-4AD3-90C1-B4C473E2D75E}
		{1ADE6456-C1F7-4093-849D-5F37FA011B66} = {BA257350-9DD2-4AD3-90C1-B4C473E2D75E}
		{3C6F52E9-8495-4FF0-8848-C84458ACA559} = {BA257350-9DD2-4AD3-90C1-B4C473E2D75E}
		{47E10B99-B0C0-4ADE-AE48-F0007C430CAE} = {689727BC-F524-463D-895D-5274977306B1}
		{04378641-0F19-4C43-A206-24763682C72E} = {4D0D1557-CC60-45C5-BC03-6FDE538A8CD6}
		{65C575FC-9E37-4862-BED1-9532EEDAE8F5} = {62C22334-5EC7-4273-8492-B9922486FC56}
		{6CCC7319-3D86-4A71-9A7F-113C21DB576C} = {62C22334-5EC7-4273-8492-B9922486FC56}
		{62C22334-5EC7-4273-8492-B9922486FC56} = {BA257350-9DD2-4AD3-90C1-B4C473E2D75E}
	EndGlobalSection
EndGlobal
